
Microsoft Visual Studio Solution File, Format Version 12.00
# Visual Studio Version 17
VisualStudioVersion = 17.0.31903.59
MinimumVisualStudioVersion = 10.0.40219.1
Project("{2150E333-8FDC-42A3-9474-1A3956D46DE8}") = "src", "src", "{827E0CD3-B72D-47B6-A68D-7590B98EB39B}"
EndProject
Project("{FAE04EC0-301F-11D3-BF4B-00C04F79EFBC}") = "Tsumugi.Infrastructure", "src\Tsumugi.Infrastructure\Tsumugi.Infrastructure.csproj", "{BAE9E124-0FCA-4D0A-A594-DFE66BDA1227}"
EndProject
Project("{FAE04EC0-301F-11D3-BF4B-00C04F79EFBC}") = "Tsumugi.Application", "src\Tsumugi.Application\Tsumugi.Application.csproj", "{9B9EF416-613C-4C0E-A502-A647E66E2125}"
EndProject
Project("{FAE04EC0-301F-11D3-BF4B-00C04F79EFBC}") = "Tsumugi.Domain", "src\Tsumugi.Domain\Tsumugi.Domain.csproj", "{AC0FD03F-6298-48C0-A1F1-9AD7BC14C611}"
EndProject
Project("{FAE04EC0-301F-11D3-BF4B-00C04F79EFBC}") = "Tsumugi.App", "src\Tsumugi.App\Tsumugi.App.csproj", "{BC0374DE-76C7-4DE8-91B7-3995BEF20715}"
EndProject
Project("{2150E333-8FDC-42A3-9474-1A3956D46DE8}") = "tests", "tests", "{0AB3BF05-4346-4AA6-1389-037BE0695223}"
EndProject
Project("{FAE04EC0-301F-11D3-BF4B-00C04F79EFBC}") = "Tsumugi.Domain.Tests", "tests\Tsumugi.Domain.Tests\Tsumugi.Domain.Tests.csproj", "{53F9FCFF-3994-46FF-8EB5-A36FD783106E}"
EndProject
Project("{FAE04EC0-301F-11D3-BF4B-00C04F79EFBC}") = "Tsumugi.Application.Tests", "tests\Tsumugi.Application.Tests\Tsumugi.Application.Tests.csproj", "{E4851AA2-322C-4FD2-BF68-2493B6D61612}"
EndProject
Project("{FAE04EC0-301F-11D3-BF4B-00C04F79EFBC}") = "Tsumugi.Infrastructure.Tests", "tests\Tsumugi.Infrastructure.Tests\Tsumugi.Infrastructure.Tests.csproj", "{E215A122-9666-49C1-BA1C-CF0354B64F79}"
EndProject
Project("{FAE04EC0-301F-11D3-BF4B-00C04F79EFBC}") = "Tsumugi.App.Tests", "tests\Tsumugi.App.Tests\Tsumugi.App.Tests.csproj", "{6FF14290-FC55-4081-A872-3DD2CA482F1E}"
EndProject
Project("{FAE04EC0-301F-11D3-BF4B-00C04F79EFBC}") = "Tsumugi.Infrastructure.Reporting", "src\Tsumugi.Infrastructure.Reporting\Tsumugi.Infrastructure.Reporting.csproj", "{4E009C6E-5928-49A4-B2BB-15726BA1D0D6}"
EndProject
Project("{FAE04EC0-301F-11D3-BF4B-00C04F79EFBC}") = "Tsumugi.Infrastructure.Reporting.Tests", "tests\Tsumugi.Infrastructure.Reporting.Tests\Tsumugi.Infrastructure.Reporting.Tests.csproj", "{47D25190-9684-4913-A61B-90F91C125CB4}"
EndProject
Project("{FAE04EC0-301F-11D3-BF4B-00C04F79EFBC}") = "Tsumugi.Infrastructure.Csv", "src\Tsumugi.Infrastructure.Csv\Tsumugi.Infrastructure.Csv.csproj", "{016BABF3-460C-4D9E-844A-C28863EB5102}"
EndProject
Project("{FAE04EC0-301F-11D3-BF4B-00C04F79EFBC}") = "Tsumugi.Infrastructure.Csv.Tests", "tests\Tsumugi.Infrastructure.Csv.Tests\Tsumugi.Infrastructure.Csv.Tests.csproj", "{5E1057D5-4B9E-4458-A492-AF6C6ED2C531}"
EndProject
Global
	GlobalSection(SolutionConfigurationPlatforms) = preSolution
		Debug|Any CPU = Debug|Any CPU
		Debug|x64 = Debug|x64
		Debug|x86 = Debug|x86
		Release|Any CPU = Release|Any CPU
		Release|x64 = Release|x64
		Release|x86 = Release|x86
	EndGlobalSection
	GlobalSection(ProjectConfigurationPlatforms) = postSolution
		{BAE9E124-0FCA-4D0A-A594-DFE66BDA1227}.Debug|Any CPU.ActiveCfg = Debug|Any CPU
		{BAE9E124-0FCA-4D0A-A594-DFE66BDA1227}.Debug|Any CPU.Build.0 = Debug|Any CPU
		{BAE9E124-0FCA-4D0A-A594-DFE66BDA1227}.Debug|x64.ActiveCfg = Debug|Any CPU
		{BAE9E124-0FCA-4D0A-A594-DFE66BDA1227}.Debug|x64.Build.0 = Debug|Any CPU
		{BAE9E124-0FCA-4D0A-A594-DFE66BDA1227}.Debug|x86.ActiveCfg = Debug|Any CPU
		{BAE9E124-0FCA-4D0A-A594-DFE66BDA1227}.Debug|x86.Build.0 = Debug|Any CPU
		{BAE9E124-0FCA-4D0A-A594-DFE66BDA1227}.Release|Any CPU.ActiveCfg = Release|Any CPU
		{BAE9E124-0FCA-4D0A-A594-DFE66BDA1227}.Release|Any CPU.Build.0 = Release|Any CPU
		{BAE9E124-0FCA-4D0A-A594-DFE66BDA1227}.Release|x64.ActiveCfg = Release|Any CPU
		{BAE9E124-0FCA-4D0A-A594-DFE66BDA1227}.Release|x64.Build.0 = Release|Any CPU
		{BAE9E124-0FCA-4D0A-A594-DFE66BDA1227}.Release|x86.ActiveCfg = Release|Any CPU
		{BAE9E124-0FCA-4D0A-A594-DFE66BDA1227}.Release|x86.Build.0 = Release|Any CPU
		{9B9EF416-613C-4C0E-A502-A647E66E2125}.Debug|Any CPU.ActiveCfg = Debug|Any CPU
		{9B9EF416-613C-4C0E-A502-A647E66E2125}.Debug|Any CPU.Build.0 = Debug|Any CPU
		{9B9EF416-613C-4C0E-A502-A647E66E2125}.Debug|x64.ActiveCfg = Debug|Any CPU
		{9B9EF416-613C-4C0E-A502-A647E66E2125}.Debug|x64.Build.0 = Debug|Any CPU
		{9B9EF416-613C-4C0E-A502-A647E66E2125}.Debug|x86.ActiveCfg = Debug|Any CPU
		{9B9EF416-613C-4C0E-A502-A647E66E2125}.Debug|x86.Build.0 = Debug|Any CPU
		{9B9EF416-613C-4C0E-A502-A647E66E2125}.Release|Any CPU.ActiveCfg = Release|Any CPU
		{9B9EF416-613C-4C0E-A502-A647E66E2125}.Release|Any CPU.Build.0 = Release|Any CPU
		{9B9EF416-613C-4C0E-A502-A647E66E2125}.Release|x64.ActiveCfg = Release|Any CPU
		{9B9EF416-613C-4C0E-A502-A647E66E2125}.Release|x64.Build.0 = Release|Any CPU
		{9B9EF416-613C-4C0E-A502-A647E66E2125}.Release|x86.ActiveCfg = Release|Any CPU
		{9B9EF416-613C-4C0E-A502-A647E66E2125}.Release|x86.Build.0 = Release|Any CPU
		{AC0FD03F-6298-48C0-A1F1-9AD7BC14C611}.Debug|Any CPU.ActiveCfg = Debug|Any CPU
		{AC0FD03F-6298-48C0-A1F1-9AD7BC14C611}.Debug|Any CPU.Build.0 = Debug|Any CPU
		{AC0FD03F-6298-48C0-A1F1-9AD7BC14C611}.Debug|x64.ActiveCfg = Debug|Any CPU
		{AC0FD03F-6298-48C0-A1F1-9AD7BC14C611}.Debug|x64.Build.0 = Debug|Any CPU
		{AC0FD03F-6298-48C0-A1F1-9AD7BC14C611}.Debug|x86.ActiveCfg = Debug|Any CPU
		{AC0FD03F-6298-48C0-A1F1-9AD7BC14C611}.Debug|x86.Build.0 = Debug|Any CPU
		{AC0FD03F-6298-48C0-A1F1-9AD7BC14C611}.Release|Any CPU.ActiveCfg = Release|Any CPU
		{AC0FD03F-6298-48C0-A1F1-9AD7BC14C611}.Release|Any CPU.Build.0 = Release|Any CPU
		{AC0FD03F-6298-48C0-A1F1-9AD7BC14C611}.Release|x64.ActiveCfg = Release|Any CPU
		{AC0FD03F-6298-48C0-A1F1-9AD7BC14C611}.Release|x64.Build.0 = Release|Any CPU
		{AC0FD03F-6298-48C0-A1F1-9AD7BC14C611}.Release|x86.ActiveCfg = Release|Any CPU
		{AC0FD03F-6298-48C0-A1F1-9AD7BC14C611}.Release|x86.Build.0 = Release|Any CPU
		{BC0374DE-76C7-4DE8-91B7-3995BEF20715}.Debug|Any CPU.ActiveCfg = Debug|Any CPU
		{BC0374DE-76C7-4DE8-91B7-3995BEF20715}.Debug|Any CPU.Build.0 = Debug|Any CPU
		{BC0374DE-76C7-4DE8-91B7-3995BEF20715}.Debug|x64.ActiveCfg = Debug|Any CPU
		{BC0374DE-76C7-4DE8-91B7-3995BEF20715}.Debug|x64.Build.0 = Debug|Any CPU
		{BC0374DE-76C7-4DE8-91B7-3995BEF20715}.Debug|x86.ActiveCfg = Debug|Any CPU
		{BC0374DE-76C7-4DE8-91B7-3995BEF20715}.Debug|x86.Build.0 = Debug|Any CPU
		{BC0374DE-76C7-4DE8-91B7-3995BEF20715}.Release|Any CPU.ActiveCfg = Release|Any CPU
		{BC0374DE-76C7-4DE8-91B7-3995BEF20715}.Release|Any CPU.Build.0 = Release|Any CPU
		{BC0374DE-76C7-4DE8-91B7-3995BEF20715}.Release|x64.ActiveCfg = Release|Any CPU
		{BC0374DE-76C7-4DE8-91B7-3995BEF20715}.Release|x64.Build.0 = Release|Any CPU
		{BC0374DE-76C7-4DE8-91B7-3995BEF20715}.Release|x86.ActiveCfg = Release|Any CPU
		{BC0374DE-76C7-4DE8-91B7-3995BEF20715}.Release|x86.Build.0 = Release|Any CPU
		{53F9FCFF-3994-46FF-8EB5-A36FD783106E}.Debug|Any CPU.ActiveCfg = Debug|Any CPU
		{53F9FCFF-3994-46FF-8EB5-A36FD783106E}.Debug|Any CPU.Build.0 = Debug|Any CPU
		{53F9FCFF-3994-46FF-8EB5-A36FD783106E}.Debug|x64.ActiveCfg = Debug|Any CPU
		{53F9FCFF-3994-46FF-8EB5-A36FD783106E}.Debug|x64.Build.0 = Debug|Any CPU
		{53F9FCFF-3994-46FF-8EB5-A36FD783106E}.Debug|x86.ActiveCfg = Debug|Any CPU
		{53F9FCFF-3994-46FF-8EB5-A36FD783106E}.Debug|x86.Build.0 = Debug|Any CPU
		{53F9FCFF-3994-46FF-8EB5-A36FD783106E}.Release|Any CPU.ActiveCfg = Release|Any CPU
		{53F9FCFF-3994-46FF-8EB5-A36FD783106E}.Release|Any CPU.Build.0 = Release|Any CPU
		{53F9FCFF-3994-46FF-8EB5-A36FD783106E}.Release|x64.ActiveCfg = Release|Any CPU
		{53F9FCFF-3994-46FF-8EB5-A36FD783106E}.Release|x64.Build.0 = Release|Any CPU
		{53F9FCFF-3994-46FF-8EB5-A36FD783106E}.Release|x86.ActiveCfg = Release|Any CPU
		{53F9FCFF-3994-46FF-8EB5-A36FD783106E}.Release|x86.Build.0 = Release|Any CPU
		{E4851AA2-322C-4FD2-BF68-2493B6D61612}.Debug|Any CPU.ActiveCfg = Debug|Any CPU
		{E4851AA2-322C-4FD2-BF68-2493B6D61612}.Debug|Any CPU.Build.0 = Debug|Any CPU
		{E4851AA2-322C-4FD2-BF68-2493B6D61612}.Debug|x64.ActiveCfg = Debug|Any CPU
		{E4851AA2-322C-4FD2-BF68-2493B6D61612}.Debug|x64.Build.0 = Debug|Any CPU
		{E4851AA2-322C-4FD2-BF68-2493B6D61612}.Debug|x86.ActiveCfg = Debug|Any CPU
		{E4851AA2-322C-4FD2-BF68-2493B6D61612}.Debug|x86.Build.0 = Debug|Any CPU
		{E4851AA2-322C-4FD2-BF68-2493B6D61612}.Release|Any CPU.ActiveCfg = Release|Any CPU
		{E4851AA2-322C-4FD2-BF68-2493B6D61612}.Release|Any CPU.Build.0 = Release|Any CPU
		{E4851AA2-322C-4FD2-BF68-2493B6D61612}.Release|x64.ActiveCfg = Release|Any CPU
		{E4851AA2-322C-4FD2-BF68-2493B6D61612}.Release|x64.Build.0 = Release|Any CPU
		{E4851AA2-322C-4FD2-BF68-2493B6D61612}.Release|x86.ActiveCfg = Release|Any CPU
		{E4851AA2-322C-4FD2-BF68-2493B6D61612}.Release|x86.Build.0 = Release|Any CPU
		{E215A122-9666-49C1-BA1C-CF0354B64F79}.Debug|Any CPU.ActiveCfg = Debug|Any CPU
		{E215A122-9666-49C1-BA1C-CF0354B64F79}.Debug|Any CPU.Build.0 = Debug|Any CPU
		{E215A122-9666-49C1-BA1C-CF0354B64F79}.Debug|x64.ActiveCfg = Debug|Any CPU
		{E215A122-9666-49C1-BA1C-CF0354B64F79}.Debug|x64.Build.0 = Debug|Any CPU
		{E215A122-9666-49C1-BA1C-CF0354B64F79}.Debug|x86.ActiveCfg = Debug|Any CPU
		{E215A122-9666-49C1-BA1C-CF0354B64F79}.Debug|x86.Build.0 = Debug|Any CPU
		{E215A122-9666-49C1-BA1C-CF0354B64F79}.Release|Any CPU.ActiveCfg = Release|Any CPU
		{E215A122-9666-49C1-BA1C-CF0354B64F79}.Release|Any CPU.Build.0 = Release|Any CPU
		{E215A122-9666-49C1-BA1C-CF0354B64F79}.Release|x64.ActiveCfg = Release|Any CPU
		{E215A122-9666-49C1-BA1C-CF0354B64F79}.Release|x64.Build.0 = Release|Any CPU
		{E215A122-9666-49C1-BA1C-CF0354B64F79}.Release|x86.ActiveCfg = Release|Any CPU
		{E215A122-9666-49C1-BA1C-CF0354B64F79}.Release|x86.Build.0 = Release|Any CPU
		{6FF14290-FC55-4081-A872-3DD2CA482F1E}.Debug|Any CPU.ActiveCfg = Debug|Any CPU
		{6FF14290-FC55-4081-A872-3DD2CA482F1E}.Debug|Any CPU.Build.0 = Debug|Any CPU
		{6FF14290-FC55-4081-A872-3DD2CA482F1E}.Debug|x64.ActiveCfg = Debug|Any CPU
		{6FF14290-FC55-4081-A872-3DD2CA482F1E}.Debug|x64.Build.0 = Debug|Any CPU
		{6FF14290-FC55-4081-A872-3DD2CA482F1E}.Debug|x86.ActiveCfg = Debug|Any CPU
		{6FF14290-FC55-4081-A872-3DD2CA482F1E}.Debug|x86.Build.0 = Debug|Any CPU
		{6FF14290-FC55-4081-A872-3DD2CA482F1E}.Release|Any CPU.ActiveCfg = Release|Any CPU
		{6FF14290-FC55-4081-A872-3DD2CA482F1E}.Release|Any CPU.Build.0 = Release|Any CPU
		{6FF14290-FC55-4081-A872-3DD2CA482F1E}.Release|x64.ActiveCfg = Release|Any CPU
		{6FF14290-FC55-4081-A872-3DD2CA482F1E}.Release|x64.Build.0 = Release|Any CPU
		{6FF14290-FC55-4081-A872-3DD2CA482F1E}.Release|x86.ActiveCfg = Release|Any CPU
		{6FF14290-FC55-4081-A872-3DD2CA482F1E}.Release|x86.Build.0 = Release|Any CPU
		{4E009C6E-5928-49A4-B2BB-15726BA1D0D6}.Debug|Any CPU.ActiveCfg = Debug|Any CPU
		{4E009C6E-5928-49A4-B2BB-15726BA1D0D6}.Debug|Any CPU.Build.0 = Debug|Any CPU
		{4E009C6E-5928-49A4-B2BB-15726BA1D0D6}.Debug|x64.ActiveCfg = Debug|Any CPU
		{4E009C6E-5928-49A4-B2BB-15726BA1D0D6}.Debug|x64.Build.0 = Debug|Any CPU
		{4E009C6E-5928-49A4-B2BB-15726BA1D0D6}.Debug|x86.ActiveCfg = Debug|Any CPU
		{4E009C6E-5928-49A4-B2BB-15726BA1D0D6}.Debug|x86.Build.0 = Debug|Any CPU
		{4E009C6E-5928-49A4-B2BB-15726BA1D0D6}.Release|Any CPU.ActiveCfg = Release|Any CPU
		{4E009C6E-5928-49A4-B2BB-15726BA1D0D6}.Release|Any CPU.Build.0 = Release|Any CPU
		{4E009C6E-5928-49A4-B2BB-15726BA1D0D6}.Release|x64.ActiveCfg = Release|Any CPU
		{4E009C6E-5928-49A4-B2BB-15726BA1D0D6}.Release|x64.Build.0 = Release|Any CPU
		{4E009C6E-5928-49A4-B2BB-15726BA1D0D6}.Release|x86.ActiveCfg = Release|Any CPU
		{4E009C6E-5928-49A4-B2BB-15726BA1D0D6}.Release|x86.Build.0 = Release|Any CPU
		{47D25190-9684-4913-A61B-90F91C125CB4}.Debug|Any CPU.ActiveCfg = Debug|Any CPU
		{47D25190-9684-4913-A61B-90F91C125CB4}.Debug|Any CPU.Build.0 = Debug|Any CPU
		{47D25190-9684-4913-A61B-90F91C125CB4}.Debug|x64.ActiveCfg = Debug|Any CPU
		{47D25190-9684-4913-A61B-90F91C125CB4}.Debug|x64.Build.0 = Debug|Any CPU
		{47D25190-9684-4913-A61B-90F91C125CB4}.Debug|x86.ActiveCfg = Debug|Any CPU
		{47D25190-9684-4913-A61B-90F91C125CB4}.Debug|x86.Build.0 = Debug|Any CPU
		{47D25190-9684-4913-A61B-90F91C125CB4}.Release|Any CPU.ActiveCfg = Release|Any CPU
		{47D25190-9684-4913-A61B-90F91C125CB4}.Release|Any CPU.Build.0 = Release|Any CPU
		{47D25190-9684-4913-A61B-90F91C125CB4}.Release|x64.ActiveCfg = Release|Any CPU
		{47D25190-9684-4913-A61B-90F91C125CB4}.Release|x64.Build.0 = Release|Any CPU
		{47D25190-9684-4913-A61B-90F91C125CB4}.Release|x86.ActiveCfg = Release|Any CPU
		{47D25190-9684-4913-A61B-90F91C125CB4}.Release|x86.Build.0 = Release|Any CPU
		{016BABF3-460C-4D9E-844A-C28863EB5102}.Debug|Any CPU.ActiveCfg = Debug|Any CPU
		{016BABF3-460C-4D9E-844A-C28863EB5102}.Debug|Any CPU.Build.0 = Debug|Any CPU
		{016BABF3-460C-4D9E-844A-C28863EB5102}.Debug|x64.ActiveCfg = Debug|Any CPU
		{016BABF3-460C-4D9E-844A-C28863EB5102}.Debug|x64.Build.0 = Debug|Any CPU
		{016BABF3-460C-4D9E-844A-C28863EB5102}.Debug|x86.ActiveCfg = Debug|Any CPU
		{016BABF3-460C-4D9E-844A-C28863EB5102}.Debug|x86.Build.0 = Debug|Any CPU
		{016BABF3-460C-4D9E-844A-C28863EB5102}.Release|Any CPU.ActiveCfg = Release|Any CPU
		{016BABF3-460C-4D9E-844A-C28863EB5102}.Release|Any CPU.Build.0 = Release|Any CPU
		{016BABF3-460C-4D9E-844A-C28863EB5102}.Release|x64.ActiveCfg = Release|Any CPU
		{016BABF3-460C-4D9E-844A-C28863EB5102}.Release|x64.Build.0 = Release|Any CPU
		{016BABF3-460C-4D9E-844A-C28863EB5102}.Release|x86.ActiveCfg = Release|Any CPU
		{016BABF3-460C-4D9E-844A-C28863EB5102}.Release|x86.Build.0 = Release|Any CPU
		{5E1057D5-4B9E-4458-A492-AF6C6ED2C531}.Debug|Any CPU.ActiveCfg = Debug|Any CPU
		{5E1057D5-4B9E-4458-A492-AF6C6ED2C531}.Debug|Any CPU.Build.0 = Debug|Any CPU
		{5E1057D5-4B9E-4458-A492-AF6C6ED2C531}.Debug|x64.ActiveCfg = Debug|Any CPU
		{5E1057D5-4B9E-4458-A492-AF6C6ED2C531}.Debug|x64.Build.0 = Debug|Any CPU
		{5E1057D5-4B9E-4458-A492-AF6C6ED2C531}.Debug|x86.ActiveCfg = Debug|Any CPU
		{5E1057D5-4B9E-4458-A492-AF6C6ED2C531}.Debug|x86.Build.0 = Debug|Any CPU
		{5E1057D5-4B9E-4458-A492-AF6C6ED2C531}.Release|Any CPU.ActiveCfg = Release|Any CPU
		{5E1057D5-4B9E-4458-A492-AF6C6ED2C531}.Release|Any CPU.Build.0 = Release|Any CPU
		{5E1057D5-4B9E-4458-A492-AF6C6ED2C531}.Release|x64.ActiveCfg = Release|Any CPU
		{5E1057D5-4B9E-4458-A492-AF6C6ED2C531}.Release|x64.Build.0 = Release|Any CPU
		{5E1057D5-4B9E-4458-A492-AF6C6ED2C531}.Release|x86.ActiveCfg = Release|Any CPU
		{5E1057D5-4B9E-4458-A492-AF6C6ED2C531}.Release|x86.Build.0 = Release|Any CPU
	EndGlobalSection
	GlobalSection(SolutionProperties) = preSolution
		HideSolutionNode = FALSE
	EndGlobalSection
	GlobalSection(NestedProjects) = preSolution
		{BAE9E124-0FCA-4D0A-A594-DFE66BDA1227} = {827E0CD3-B72D-47B6-A68D-7590B98EB39B}
		{9B9EF416-613C-4C0E-A502-A647E66E2125} = {827E0CD3-B72D-47B6-A68D-7590B98EB39B}
		{AC0FD03F-6298-48C0-A1F1-9AD7BC14C611} = {827E0CD3-B72D-47B6-A68D-7590B98EB39B}
		{BC0374DE-76C7-4DE8-91B7-3995BEF20715} = {827E0CD3-B72D-47B6-A68D-7590B98EB39B}
		{53F9FCFF-3994-46FF-8EB5-A36FD783106E} = {0AB3BF05-4346-4AA6-1389-037BE0695223}
		{E4851AA2-322C-4FD2-BF68-2493B6D61612} = {0AB3BF05-4346-4AA6-1389-037BE0695223}
		{E215A122-9666-49C1-BA1C-CF0354B64F79} = {0AB3BF05-4346-4AA6-1389-037BE0695223}
		{6FF14290-FC55-4081-A872-3DD2CA482F1E} = {0AB3BF05-4346-4AA6-1389-037BE0695223}
		{4E009C6E-5928-49A4-B2BB-15726BA1D0D6} = {827E0CD3-B72D-47B6-A68D-7590B98EB39B}
		{47D25190-9684-4913-A61B-90F91C125CB4} = {0AB3BF05-4346-4AA6-1389-037BE0695223}
		{016BABF3-460C-4D9E-844A-C28863EB5102} = {827E0CD3-B72D-47B6-A68D-7590B98EB39B}
		{5E1057D5-4B9E-4458-A492-AF6C6ED2C531} = {0AB3BF05-4346-4AA6-1389-037BE0695223}
	EndGlobalSection
EndGlobal
